// !$*UTF8*$!
{
	archiveVersion = 1;
	classes = {
	};
	objectVersion = 77;
	objects = {

/* Begin PBXBuildFile section */
		88407E122F12C19D00963DC8 /* GentleDesignSystem in Frameworks */ = {isa = PBXBuildFile; productRef = 88407E112F12C19D00963DC8 /* GentleDesignSystem */; };
		88407E152F12C1A700963DC8 /* SmartAsyncImage in Frameworks */ = {isa = PBXBuildFile; productRef = 88407E142F12C1A700963DC8 /* SmartAsyncImage */; };
		8878F9A82F12F92A0010E3EF /* RootView.swift in Sources */ = {isa = PBXBuildFile; fileRef = 8878F9712F12F92A0010E3EF /* RootView.swift */; };
		8878F9A92F12F92A0010E3EF /* SignInService.swift in Sources */ = {isa = PBXBuildFile; fileRef = 8878F9792F12F92A0010E3EF /* SignInService.swift */; };
		8878F9AA2F12F92A0010E3EF /* ShowcaseItemCellViewModel.swift in Sources */ = {isa = PBXBuildFile; fileRef = 8878F9812F12F92A0010E3EF /* ShowcaseItemCellViewModel.swift */; };
		8878F9AB2F12F92A0010E3EF /* ShowcaseItemsService.swift in Sources */ = {isa = PBXBuildFile; fileRef = 8878F9782F12F92A0010E3EF /* ShowcaseItemsService.swift */; };
		8878F9AD2F12F92A0010E3EF /* ProfileHeaderTemplateView.swift in Sources */ = {isa = PBXBuildFile; fileRef = 8878F9902F12F92A0010E3EF /* ProfileHeaderTemplateView.swift */; };
		8878F9AE2F12F92A0010E3EF /* SessionManager.swift in Sources */ = {isa = PBXBuildFile; fileRef = 8878F9922F12F92A0010E3EF /* SessionManager.swift */; };
		8878F9AF2F12F92A0010E3EF /* ShowcaseItemListView.swift in Sources */ = {isa = PBXBuildFile; fileRef = 8878F9872F12F92A0010E3EF /* ShowcaseItemListView.swift */; };
		8878F9B02F12F92A0010E3EF /* ShowcaseRepository.swift in Sources */ = {isa = PBXBuildFile; fileRef = 8878F9762F12F92A0010E3EF /* ShowcaseRepository.swift */; };
		8878F9B12F12F92A0010E3EF /* CurrencyFormatter.swift in Sources */ = {isa = PBXBuildFile; fileRef = 8878F97C2F12F92A0010E3EF /* CurrencyFormatter.swift */; };
		8878F9B22F12F92A0010E3EF /* ShowcaseItemListViewModel.swift in Sources */ = {isa = PBXBuildFile; fileRef = 8878F9832F12F92A0010E3EF /* ShowcaseItemListViewModel.swift */; };
		8878F9B32F12F92A0010E3EF /* AppRoute.swift in Sources */ = {isa = PBXBuildFile; fileRef = 8878F99D2F12F92A0010E3EF /* AppRoute.swift */; };
		8878F9B42F12F92A0010E3EF /* ShowcaseItemCellView.swift in Sources */ = {isa = PBXBuildFile; fileRef = 8878F9852F12F92A0010E3EF /* ShowcaseItemCellView.swift */; };
		8878F9B52F12F92A0010E3EF /* ShowcaseItem.swift in Sources */ = {isa = PBXBuildFile; fileRef = 8878F9732F12F92A0010E3EF /* ShowcaseItem.swift */; };
		8878F9B62F12F92A0010E3EF /* GentleDesignShowcaseApp.swift in Sources */ = {isa = PBXBuildFile; fileRef = 8878F9702F12F92A0010E3EF /* GentleDesignShowcaseApp.swift */; };
		8878F9B72F12F92A0010E3EF /* SignInViewModel.swift in Sources */ = {isa = PBXBuildFile; fileRef = 8878F9962F12F92A0010E3EF /* SignInViewModel.swift */; };
		8878F9B82F12F92A0010E3EF /* OnboardingPagerTemplateView.swift in Sources */ = {isa = PBXBuildFile; fileRef = 8878F98E2F12F92A0010E3EF /* OnboardingPagerTemplateView.swift */; };
		8878F9B92F12F92A0010E3EF /* ChartAndStatsTemplateView.swift in Sources */ = {isa = PBXBuildFile; fileRef = 8878F98A2F12F92A0010E3EF /* ChartAndStatsTemplateView.swift */; };
		8878F9BA2F12F92A0010E3EF /* ShowcaseTemplate.swift in Sources */ = {isa = PBXBuildFile; fileRef = 8878F9742F12F92A0010E3EF /* ShowcaseTemplate.swift */; };
		8878F9BB2F12F92A0010E3EF /* TabContainerView.swift in Sources */ = {isa = PBXBuildFile; fileRef = 8878F9A02F12F92A0010E3EF /* TabContainerView.swift */; };
		8878F9BC2F12F92A0010E3EF /* MedicalIntakeFormTemplateView.swift in Sources */ = {isa = PBXBuildFile; fileRef = 8878F98C2F12F92A0010E3EF /* MedicalIntakeFormTemplateView.swift */; };
		8878F9BD2F12F92A0010E3EF /* ShowcaseItemDetailView.swift in Sources */ = {isa = PBXBuildFile; fileRef = 8878F9862F12F92A0010E3EF /* ShowcaseItemDetailView.swift */; };
		8878F9BE2F12F92A0010E3EF /* ShowcaseItemDetailViewModel.swift in Sources */ = {isa = PBXBuildFile; fileRef = 8878F9822F12F92A0010E3EF /* ShowcaseItemDetailViewModel.swift */; };
		8878F9BF2F12F92A0010E3EF /* StorefrontGridTemplateView.swift in Sources */ = {isa = PBXBuildFile; fileRef = 8878F9992F12F92A0010E3EF /* StorefrontGridTemplateView.swift */; };
		8878F9C02F12F92A0010E3EF /* AppRouter.swift in Sources */ = {isa = PBXBuildFile; fileRef = 8878F99E2F12F92A0010E3EF /* AppRouter.swift */; };
		8878F9C12F12F92A0010E3EF /* PreviewRenderer.swift in Sources */ = {isa = PBXBuildFile; fileRef = 8878F9A22F12F92A0010E3EF /* PreviewRenderer.swift */; };
		8878F9C22F12F92A0010E3EF /* SignInView.swift in Sources */ = {isa = PBXBuildFile; fileRef = 8878F9942F12F92A0010E3EF /* SignInView.swift */; };
		8878F9C32F12F92A0010E3EF /* Assets.xcassets in Resources */ = {isa = PBXBuildFile; fileRef = 8878F9A52F12F92A0010E3EF /* Assets.xcassets */; };
		88FC57022F13427800A61A5F /* DesignView.swift in Sources */ = {isa = PBXBuildFile; fileRef = 88FC57002F13427800A61A5F /* DesignView.swift */; };
/* End PBXBuildFile section */

/* Begin PBXFileReference section */
		8878F9702F12F92A0010E3EF /* GentleDesignShowcaseApp.swift */ = {isa = PBXFileReference; lastKnownFileType = sourcecode.swift; path = GentleDesignShowcaseApp.swift; sourceTree = "<group>"; };
		8878F9712F12F92A0010E3EF /* RootView.swift */ = {isa = PBXFileReference; lastKnownFileType = sourcecode.swift; path = RootView.swift; sourceTree = "<group>"; };
		8878F9732F12F92A0010E3EF /* ShowcaseItem.swift */ = {isa = PBXFileReference; lastKnownFileType = sourcecode.swift; path = ShowcaseItem.swift; sourceTree = "<group>"; };
		8878F9742F12F92A0010E3EF /* ShowcaseTemplate.swift */ = {isa = PBXFileReference; lastKnownFileType = sourcecode.swift; path = ShowcaseTemplate.swift; sourceTree = "<group>"; };
		8878F9762F12F92A0010E3EF /* ShowcaseRepository.swift */ = {isa = PBXFileReference; lastKnownFileType = sourcecode.swift; path = ShowcaseRepository.swift; sourceTree = "<group>"; };
		8878F9782F12F92A0010E3EF /* ShowcaseItemsService.swift */ = {isa = PBXFileReference; lastKnownFileType = sourcecode.swift; path = ShowcaseItemsService.swift; sourceTree = "<group>"; };
		8878F9792F12F92A0010E3EF /* SignInService.swift */ = {isa = PBXFileReference; lastKnownFileType = sourcecode.swift; path = SignInService.swift; sourceTree = "<group>"; };
		8878F97C2F12F92A0010E3EF /* CurrencyFormatter.swift */ = {isa = PBXFileReference; lastKnownFileType = sourcecode.swift; path = CurrencyFormatter.swift; sourceTree = "<group>"; };
		8878F9812F12F92A0010E3EF /* ShowcaseItemCellViewModel.swift */ = {isa = PBXFileReference; lastKnownFileType = sourcecode.swift; path = ShowcaseItemCellViewModel.swift; sourceTree = "<group>"; };
		8878F9822F12F92A0010E3EF /* ShowcaseItemDetailViewModel.swift */ = {isa = PBXFileReference; lastKnownFileType = sourcecode.swift; path = ShowcaseItemDetailViewModel.swift; sourceTree = "<group>"; };
		8878F9832F12F92A0010E3EF /* ShowcaseItemListViewModel.swift */ = {isa = PBXFileReference; lastKnownFileType = sourcecode.swift; path = ShowcaseItemListViewModel.swift; sourceTree = "<group>"; };
		8878F9852F12F92A0010E3EF /* ShowcaseItemCellView.swift */ = {isa = PBXFileReference; lastKnownFileType = sourcecode.swift; path = ShowcaseItemCellView.swift; sourceTree = "<group>"; };
		8878F9862F12F92A0010E3EF /* ShowcaseItemDetailView.swift */ = {isa = PBXFileReference; lastKnownFileType = sourcecode.swift; path = ShowcaseItemDetailView.swift; sourceTree = "<group>"; };
		8878F9872F12F92A0010E3EF /* ShowcaseItemListView.swift */ = {isa = PBXFileReference; lastKnownFileType = sourcecode.swift; path = ShowcaseItemListView.swift; sourceTree = "<group>"; };
		8878F98A2F12F92A0010E3EF /* ChartAndStatsTemplateView.swift */ = {isa = PBXFileReference; lastKnownFileType = sourcecode.swift; path = ChartAndStatsTemplateView.swift; sourceTree = "<group>"; };
		8878F98C2F12F92A0010E3EF /* MedicalIntakeFormTemplateView.swift */ = {isa = PBXFileReference; lastKnownFileType = sourcecode.swift; path = MedicalIntakeFormTemplateView.swift; sourceTree = "<group>"; };
		8878F98E2F12F92A0010E3EF /* OnboardingPagerTemplateView.swift */ = {isa = PBXFileReference; lastKnownFileType = sourcecode.swift; path = OnboardingPagerTemplateView.swift; sourceTree = "<group>"; };
		8878F9902F12F92A0010E3EF /* ProfileHeaderTemplateView.swift */ = {isa = PBXFileReference; lastKnownFileType = sourcecode.swift; path = ProfileHeaderTemplateView.swift; sourceTree = "<group>"; };
		8878F9922F12F92A0010E3EF /* SessionManager.swift */ = {isa = PBXFileReference; lastKnownFileType = sourcecode.swift; path = SessionManager.swift; sourceTree = "<group>"; };
		8878F9942F12F92A0010E3EF /* SignInView.swift */ = {isa = PBXFileReference; lastKnownFileType = sourcecode.swift; path = SignInView.swift; sourceTree = "<group>"; };
		8878F9962F12F92A0010E3EF /* SignInViewModel.swift */ = {isa = PBXFileReference; lastKnownFileType = sourcecode.swift; path = SignInViewModel.swift; sourceTree = "<group>"; };
		8878F9992F12F92A0010E3EF /* StorefrontGridTemplateView.swift */ = {isa = PBXFileReference; lastKnownFileType = sourcecode.swift; path = StorefrontGridTemplateView.swift; sourceTree = "<group>"; };
		8878F99D2F12F92A0010E3EF /* AppRoute.swift */ = {isa = PBXFileReference; lastKnownFileType = sourcecode.swift; path = AppRoute.swift; sourceTree = "<group>"; };
		8878F99E2F12F92A0010E3EF /* AppRouter.swift */ = {isa = PBXFileReference; lastKnownFileType = sourcecode.swift; path = AppRouter.swift; sourceTree = "<group>"; };
		8878F9A02F12F92A0010E3EF /* TabContainerView.swift */ = {isa = PBXFileReference; lastKnownFileType = sourcecode.swift; path = TabContainerView.swift; sourceTree = "<group>"; };
		8878F9A22F12F92A0010E3EF /* PreviewRenderer.swift */ = {isa = PBXFileReference; lastKnownFileType = sourcecode.swift; path = PreviewRenderer.swift; sourceTree = "<group>"; };
		8878F9A52F12F92A0010E3EF /* Assets.xcassets */ = {isa = PBXFileReference; lastKnownFileType = folder.assetcatalog; path = Assets.xcassets; sourceTree = "<group>"; };
		88E8DC972F12C11300639965 /* GentleDesignShowcase.app */ = {isa = PBXFileReference; explicitFileType = wrapper.application; includeInIndex = 0; path = GentleDesignShowcase.app; sourceTree = BUILT_PRODUCTS_DIR; };
		88FC57002F13427800A61A5F /* DesignView.swift */ = {isa = PBXFileReference; lastKnownFileType = sourcecode.swift; path = DesignView.swift; sourceTree = "<group>"; };
/* End PBXFileReference section */

/* Begin PBXFrameworksBuildPhase section */
		88E8DC942F12C11300639965 /* Frameworks */ = {
			isa = PBXFrameworksBuildPhase;
			buildActionMask = 2147483647;
			files = (
				88407E122F12C19D00963DC8 /* GentleDesignSystem in Frameworks */,
				88407E152F12C1A700963DC8 /* SmartAsyncImage in Frameworks */,
			);
			runOnlyForDeploymentPostprocessing = 0;
		};
/* End PBXFrameworksBuildPhase section */

/* Begin PBXGroup section */
		8878F9722F12F92A0010E3EF /* App */ = {
			isa = PBXGroup;
			children = (
				8878F9702F12F92A0010E3EF /* GentleDesignShowcaseApp.swift */,
				8878F9712F12F92A0010E3EF /* RootView.swift */,
			);
			path = App;
			sourceTree = "<group>";
		};
		8878F9752F12F92A0010E3EF /* Models */ = {
			isa = PBXGroup;
			children = (
				8878F9732F12F92A0010E3EF /* ShowcaseItem.swift */,
				8878F9742F12F92A0010E3EF /* ShowcaseTemplate.swift */,
			);
			path = Models;
			sourceTree = "<group>";
		};
		8878F9772F12F92A0010E3EF /* Repository */ = {
			isa = PBXGroup;
			children = (
				8878F9762F12F92A0010E3EF /* ShowcaseRepository.swift */,
			);
			path = Repository;
			sourceTree = "<group>";
		};
		8878F97A2F12F92A0010E3EF /* Services */ = {
			isa = PBXGroup;
			children = (
				8878F9782F12F92A0010E3EF /* ShowcaseItemsService.swift */,
				8878F9792F12F92A0010E3EF /* SignInService.swift */,
			);
			path = Services;
			sourceTree = "<group>";
		};
		8878F97B2F12F92A0010E3EF /* Core */ = {
			isa = PBXGroup;
			children = (
				8878F9752F12F92A0010E3EF /* Models */,
				8878F9772F12F92A0010E3EF /* Repository */,
				8878F97A2F12F92A0010E3EF /* Services */,
			);
			path = Core;
			sourceTree = "<group>";
		};
		8878F97E2F12F92A0010E3EF /* Formatting */ = {
			isa = PBXGroup;
			children = (
				8878F97C2F12F92A0010E3EF /* CurrencyFormatter.swift */,
			);
			path = Formatting;
			sourceTree = "<group>";
		};
		8878F97F2F12F92A0010E3EF /* UI */ = {
			isa = PBXGroup;
			children = (
				8878F97E2F12F92A0010E3EF /* Formatting */,
			);
			path = UI;
			sourceTree = "<group>";
		};
		8878F9802F12F92A0010E3EF /* Shared */ = {
			isa = PBXGroup;
			children = (
				8878F97F2F12F92A0010E3EF /* UI */,
			);
			path = Shared;
			sourceTree = "<group>";
		};
		8878F9842F12F92A0010E3EF /* ViewModels */ = {
			isa = PBXGroup;
			children = (
				8878F9812F12F92A0010E3EF /* ShowcaseItemCellViewModel.swift */,
				8878F9822F12F92A0010E3EF /* ShowcaseItemDetailViewModel.swift */,
				8878F9832F12F92A0010E3EF /* ShowcaseItemListViewModel.swift */,
			);
			path = ViewModels;
			sourceTree = "<group>";
		};
		8878F9882F12F92A0010E3EF /* Views */ = {
			isa = PBXGroup;
			children = (
				8878F9852F12F92A0010E3EF /* ShowcaseItemCellView.swift */,
				8878F9862F12F92A0010E3EF /* ShowcaseItemDetailView.swift */,
				8878F9872F12F92A0010E3EF /* ShowcaseItemListView.swift */,
			);
			path = Views;
			sourceTree = "<group>";
		};
		8878F9892F12F92A0010E3EF /* Showcase */ = {
			isa = PBXGroup;
			children = (
				8878F9842F12F92A0010E3EF /* ViewModels */,
				8878F9882F12F92A0010E3EF /* Views */,
			);
			path = Showcase;
			sourceTree = "<group>";
		};
		8878F98B2F12F92A0010E3EF /* ChartsAndStats */ = {
			isa = PBXGroup;
			children = (
				8878F98A2F12F92A0010E3EF /* ChartAndStatsTemplateView.swift */,
			);
			path = ChartsAndStats;
			sourceTree = "<group>";
		};
		8878F98D2F12F92A0010E3EF /* MedicalIntakeForm */ = {
			isa = PBXGroup;
			children = (
				8878F98C2F12F92A0010E3EF /* MedicalIntakeFormTemplateView.swift */,
			);
			path = MedicalIntakeForm;
			sourceTree = "<group>";
		};
		8878F98F2F12F92A0010E3EF /* OnboardingPager */ = {
			isa = PBXGroup;
			children = (
				8878F98E2F12F92A0010E3EF /* OnboardingPagerTemplateView.swift */,
			);
			path = OnboardingPager;
			sourceTree = "<group>";
		};
		8878F9912F12F92A0010E3EF /* ProfileHeader */ = {
			isa = PBXGroup;
			children = (
				8878F9902F12F92A0010E3EF /* ProfileHeaderTemplateView.swift */,
			);
			path = ProfileHeader;
			sourceTree = "<group>";
		};
		8878F9932F12F92A0010E3EF /* Session */ = {
			isa = PBXGroup;
			children = (
				8878F9922F12F92A0010E3EF /* SessionManager.swift */,
			);
			path = Session;
			sourceTree = "<group>";
		};
		8878F9952F12F92A0010E3EF /* View */ = {
			isa = PBXGroup;
			children = (
				8878F9942F12F92A0010E3EF /* SignInView.swift */,
			);
			path = View;
			sourceTree = "<group>";
		};
		8878F9972F12F92A0010E3EF /* ViewModel */ = {
			isa = PBXGroup;
			children = (
				8878F9962F12F92A0010E3EF /* SignInViewModel.swift */,
			);
			path = ViewModel;
			sourceTree = "<group>";
		};
		8878F9982F12F92A0010E3EF /* SignInFlow */ = {
			isa = PBXGroup;
			children = (
				8878F9932F12F92A0010E3EF /* Session */,
				8878F9952F12F92A0010E3EF /* View */,
				8878F9972F12F92A0010E3EF /* ViewModel */,
			);
			path = SignInFlow;
			sourceTree = "<group>";
		};
		8878F99A2F12F92A0010E3EF /* StoreFrontGrid */ = {
			isa = PBXGroup;
			children = (
				8878F9992F12F92A0010E3EF /* StorefrontGridTemplateView.swift */,
			);
			path = StoreFrontGrid;
			sourceTree = "<group>";
		};
		8878F99B2F12F92A0010E3EF /* ShowcaseTemplates */ = {
			isa = PBXGroup;
			children = (
				8878F98B2F12F92A0010E3EF /* ChartsAndStats */,
				8878F98D2F12F92A0010E3EF /* MedicalIntakeForm */,
				8878F98F2F12F92A0010E3EF /* OnboardingPager */,
				8878F9912F12F92A0010E3EF /* ProfileHeader */,
				8878F9982F12F92A0010E3EF /* SignInFlow */,
				8878F99A2F12F92A0010E3EF /* StoreFrontGrid */,
			);
			path = ShowcaseTemplates;
			sourceTree = "<group>";
		};
		8878F99C2F12F92A0010E3EF /* Features */ = {
			isa = PBXGroup;
			children = (
				88FC57012F13427800A61A5F /* Design */,
				8878F9802F12F92A0010E3EF /* Shared */,
				8878F9892F12F92A0010E3EF /* Showcase */,
				8878F99B2F12F92A0010E3EF /* ShowcaseTemplates */,
			);
			path = Features;
			sourceTree = "<group>";
		};
		8878F99F2F12F92A0010E3EF /* Navigation */ = {
			isa = PBXGroup;
			children = (
				8878F99D2F12F92A0010E3EF /* AppRoute.swift */,
				8878F99E2F12F92A0010E3EF /* AppRouter.swift */,
			);
			path = Navigation;
			sourceTree = "<group>";
		};
		8878F9A12F12F92A0010E3EF /* Tabs */ = {
			isa = PBXGroup;
			children = (
				8878F9A02F12F92A0010E3EF /* TabContainerView.swift */,
			);
			path = Tabs;
			sourceTree = "<group>";
		};
		8878F9A32F12F92A0010E3EF /* PreviewRenderer */ = {
			isa = PBXGroup;
			children = (
				8878F9A22F12F92A0010E3EF /* PreviewRenderer.swift */,
			);
			path = PreviewRenderer;
			sourceTree = "<group>";
		};
		8878F9A42F12F92A0010E3EF /* UI */ = {
			isa = PBXGroup;
			children = (
				8878F9A32F12F92A0010E3EF /* PreviewRenderer */,
			);
			path = UI;
			sourceTree = "<group>";
		};
		8878F9A62F12F92A0010E3EF /* GentleDesignShowcase */ = {
			isa = PBXGroup;
			children = (
				8878F9722F12F92A0010E3EF /* App */,
				8878F97B2F12F92A0010E3EF /* Core */,
				8878F99C2F12F92A0010E3EF /* Features */,
				8878F99F2F12F92A0010E3EF /* Navigation */,
				8878F9A12F12F92A0010E3EF /* Tabs */,
				8878F9A42F12F92A0010E3EF /* UI */,
				8878F9A52F12F92A0010E3EF /* Assets.xcassets */,
			);
			path = GentleDesignShowcase;
			sourceTree = "<group>";
		};
		88E8DC8E2F12C11200639965 = {
			isa = PBXGroup;
			children = (
				8878F9A62F12F92A0010E3EF /* GentleDesignShowcase */,
				88E8DC982F12C11300639965 /* Products */,
			);
			sourceTree = "<group>";
		};
		88E8DC982F12C11300639965 /* Products */ = {
			isa = PBXGroup;
			children = (
				88E8DC972F12C11300639965 /* GentleDesignShowcase.app */,
			);
			name = Products;
			sourceTree = "<group>";
		};
		88FC57012F13427800A61A5F /* Design */ = {
			isa = PBXGroup;
			children = (
				88FC57002F13427800A61A5F /* DesignView.swift */,
			);
			path = Design;
			sourceTree = "<group>";
		};
/* End PBXGroup section */

/* Begin PBXNativeTarget section */
		88E8DC962F12C11300639965 /* GentleDesignShowcase */ = {
			isa = PBXNativeTarget;
			buildConfigurationList = 88E8DCA22F12C11300639965 /* Build configuration list for PBXNativeTarget "GentleDesignShowcase" */;
			buildPhases = (
				88E8DC932F12C11300639965 /* Sources */,
				88E8DC942F12C11300639965 /* Frameworks */,
				88E8DC952F12C11300639965 /* Resources */,
			);
			buildRules = (
			);
			dependencies = (
			);
			name = GentleDesignShowcase;
			packageProductDependencies = (
				88407E112F12C19D00963DC8 /* GentleDesignSystem */,
				88407E142F12C1A700963DC8 /* SmartAsyncImage */,
			);
			productName = GentleDesignShowcase;
			productReference = 88E8DC972F12C11300639965 /* GentleDesignShowcase.app */;
			productType = "com.apple.product-type.application";
		};
/* End PBXNativeTarget section */

/* Begin PBXProject section */
		88E8DC8F2F12C11200639965 /* Project object */ = {
			isa = PBXProject;
			attributes = {
				BuildIndependentTargetsInParallel = 1;
				LastSwiftUpdateCheck = 2620;
				LastUpgradeCheck = 2620;
				TargetAttributes = {
					88E8DC962F12C11300639965 = {
						CreatedOnToolsVersion = 26.2;
					};
				};
			};
			buildConfigurationList = 88E8DC922F12C11200639965 /* Build configuration list for PBXProject "GentleDesignShowcase" */;
			developmentRegion = en;
			hasScannedForEncodings = 0;
			knownRegions = (
				en,
				Base,
			);
			mainGroup = 88E8DC8E2F12C11200639965;
			minimizedProjectReferenceProxies = 1;
			packageReferences = (
				88407E102F12C19D00963DC8 /* XCRemoteSwiftPackageReference "GentleDesignSystem" */,
				88407E132F12C1A700963DC8 /* XCRemoteSwiftPackageReference "SmartAsyncImage" */,
			);
			preferredProjectObjectVersion = 77;
			productRefGroup = 88E8DC982F12C11300639965 /* Products */;
			projectDirPath = "";
			projectRoot = "";
			targets = (
				88E8DC962F12C11300639965 /* GentleDesignShowcase */,
			);
		};
/* End PBXProject section */

/* Begin PBXResourcesBuildPhase section */
		88E8DC952F12C11300639965 /* Resources */ = {
			isa = PBXResourcesBuildPhase;
			buildActionMask = 2147483647;
			files = (
				8878F9C32F12F92A0010E3EF /* Assets.xcassets in Resources */,
			);
			runOnlyForDeploymentPostprocessing = 0;
		};
/* End PBXResourcesBuildPhase section */

/* Begin PBXSourcesBuildPhase section */
		88E8DC932F12C11300639965 /* Sources */ = {
			isa = PBXSourcesBuildPhase;
			buildActionMask = 2147483647;
			files = (
				8878F9A82F12F92A0010E3EF /* RootView.swift in Sources */,
				8878F9A92F12F92A0010E3EF /* SignInService.swift in Sources */,
				8878F9AA2F12F92A0010E3EF /* ShowcaseItemCellViewModel.swift in Sources */,
				8878F9AB2F12F92A0010E3EF /* ShowcaseItemsService.swift in Sources */,
				8878F9AD2F12F92A0010E3EF /* ProfileHeaderTemplateView.swift in Sources */,
				8878F9AE2F12F92A0010E3EF /* SessionManager.swift in Sources */,
				8878F9AF2F12F92A0010E3EF /* ShowcaseItemListView.swift in Sources */,
				8878F9B02F12F92A0010E3EF /* ShowcaseRepository.swift in Sources */,
				88FC57022F13427800A61A5F /* DesignView.swift in Sources */,
				8878F9B12F12F92A0010E3EF /* CurrencyFormatter.swift in Sources */,
				8878F9B22F12F92A0010E3EF /* ShowcaseItemListViewModel.swift in Sources */,
				8878F9B32F12F92A0010E3EF /* AppRoute.swift in Sources */,
				8878F9B42F12F92A0010E3EF /* ShowcaseItemCellView.swift in Sources */,
				8878F9B52F12F92A0010E3EF /* ShowcaseItem.swift in Sources */,
				8878F9B62F12F92A0010E3EF /* GentleDesignShowcaseApp.swift in Sources */,
				8878F9B72F12F92A0010E3EF /* SignInViewModel.swift in Sources */,
				8878F9B82F12F92A0010E3EF /* OnboardingPagerTemplateView.swift in Sources */,
				8878F9B92F12F92A0010E3EF /* ChartAndStatsTemplateView.swift in Sources */,
				8878F9BA2F12F92A0010E3EF /* ShowcaseTemplate.swift in Sources */,
				8878F9BB2F12F92A0010E3EF /* TabContainerView.swift in Sources */,
				8878F9BC2F12F92A0010E3EF /* MedicalIntakeFormTemplateView.swift in Sources */,
				8878F9BD2F12F92A0010E3EF /* ShowcaseItemDetailView.swift in Sources */,
				8878F9BE2F12F92A0010E3EF /* ShowcaseItemDetailViewModel.swift in Sources */,
				8878F9BF2F12F92A0010E3EF /* StorefrontGridTemplateView.swift in Sources */,
				8878F9C02F12F92A0010E3EF /* AppRouter.swift in Sources */,
				8878F9C12F12F92A0010E3EF /* PreviewRenderer.swift in Sources */,
				8878F9C22F12F92A0010E3EF /* SignInView.swift in Sources */,
			);
			runOnlyForDeploymentPostprocessing = 0;
		};
/* End PBXSourcesBuildPhase section */

/* Begin XCBuildConfiguration section */
		88E8DCA02F12C11300639965 /* Debug */ = {
			isa = XCBuildConfiguration;
			buildSettings = {
				ALWAYS_SEARCH_USER_PATHS = NO;
				ASSETCATALOG_COMPILER_GENERATE_SWIFT_ASSET_SYMBOL_EXTENSIONS = YES;
				CLANG_ANALYZER_NONNULL = YES;
				CLANG_ANALYZER_NUMBER_OBJECT_CONVERSION = YES_AGGRESSIVE;
				CLANG_CXX_LANGUAGE_STANDARD = "gnu++20";
				CLANG_ENABLE_MODULES = YES;
				CLANG_ENABLE_OBJC_ARC = YES;
				CLANG_ENABLE_OBJC_WEAK = YES;
				CLANG_WARN_BLOCK_CAPTURE_AUTORELEASING = YES;
				CLANG_WARN_BOOL_CONVERSION = YES;
				CLANG_WARN_COMMA = YES;
				CLANG_WARN_CONSTANT_CONVERSION = YES;
				CLANG_WARN_DEPRECATED_OBJC_IMPLEMENTATIONS = YES;
				CLANG_WARN_DIRECT_OBJC_ISA_USAGE = YES_ERROR;
				CLANG_WARN_DOCUMENTATION_COMMENTS = YES;
				CLANG_WARN_EMPTY_BODY = YES;
				CLANG_WARN_ENUM_CONVERSION = YES;
				CLANG_WARN_INFINITE_RECURSION = YES;
				CLANG_WARN_INT_CONVERSION = YES;
				CLANG_WARN_NON_LITERAL_NULL_CONVERSION = YES;
				CLANG_WARN_OBJC_IMPLICIT_RETAIN_SELF = YES;
				CLANG_WARN_OBJC_LITERAL_CONVERSION = YES;
				CLANG_WARN_OBJC_ROOT_CLASS = YES_ERROR;
				CLANG_WARN_QUOTED_INCLUDE_IN_FRAMEWORK_HEADER = YES;
				CLANG_WARN_RANGE_LOOP_ANALYSIS = YES;
				CLANG_WARN_STRICT_PROTOTYPES = YES;
				CLANG_WARN_SUSPICIOUS_MOVE = YES;
				CLANG_WARN_UNGUARDED_AVAILABILITY = YES_AGGRESSIVE;
				CLANG_WARN_UNREACHABLE_CODE = YES;
				CLANG_WARN__DUPLICATE_METHOD_MATCH = YES;
				COPY_PHASE_STRIP = NO;
				DEBUG_INFORMATION_FORMAT = dwarf;
				DEVELOPMENT_TEAM = HGE6ZKLW3Q;
				ENABLE_STRICT_OBJC_MSGSEND = YES;
				ENABLE_TESTABILITY = YES;
				ENABLE_USER_SCRIPT_SANDBOXING = YES;
				GCC_C_LANGUAGE_STANDARD = gnu17;
				GCC_DYNAMIC_NO_PIC = NO;
				GCC_NO_COMMON_BLOCKS = YES;
				GCC_OPTIMIZATION_LEVEL = 0;
				GCC_PREPROCESSOR_DEFINITIONS = (
					"DEBUG=1",
					"$(inherited)",
				);
				GCC_WARN_64_TO_32_BIT_CONVERSION = YES;
				GCC_WARN_ABOUT_RETURN_TYPE = YES_ERROR;
				GCC_WARN_UNDECLARED_SELECTOR = YES;
				GCC_WARN_UNINITIALIZED_AUTOS = YES_AGGRESSIVE;
				GCC_WARN_UNUSED_FUNCTION = YES;
				GCC_WARN_UNUSED_VARIABLE = YES;
				IPHONEOS_DEPLOYMENT_TARGET = 26.2;
				LOCALIZATION_PREFERS_STRING_CATALOGS = YES;
				MTL_ENABLE_DEBUG_INFO = INCLUDE_SOURCE;
				MTL_FAST_MATH = YES;
				ONLY_ACTIVE_ARCH = YES;
				SDKROOT = iphoneos;
				SWIFT_ACTIVE_COMPILATION_CONDITIONS = "DEBUG $(inherited)";
				SWIFT_OPTIMIZATION_LEVEL = "-Onone";
				SWIFT_VERSION = 6.0;
			};
			name = Debug;
		};
		88E8DCA12F12C11300639965 /* Release */ = {
			isa = XCBuildConfiguration;
			buildSettings = {
				ALWAYS_SEARCH_USER_PATHS = NO;
				ASSETCATALOG_COMPILER_GENERATE_SWIFT_ASSET_SYMBOL_EXTENSIONS = YES;
				CLANG_ANALYZER_NONNULL = YES;
				CLANG_ANALYZER_NUMBER_OBJECT_CONVERSION = YES_AGGRESSIVE;
				CLANG_CXX_LANGUAGE_STANDARD = "gnu++20";
				CLANG_ENABLE_MODULES = YES;
				CLANG_ENABLE_OBJC_ARC = YES;
				CLANG_ENABLE_OBJC_WEAK = YES;
				CLANG_WARN_BLOCK_CAPTURE_AUTORELEASING = YES;
				CLANG_WARN_BOOL_CONVERSION = YES;
				CLANG_WARN_COMMA = YES;
				CLANG_WARN_CONSTANT_CONVERSION = YES;
				CLANG_WARN_DEPRECATED_OBJC_IMPLEMENTATIONS = YES;
				CLANG_WARN_DIRECT_OBJC_ISA_USAGE = YES_ERROR;
				CLANG_WARN_DOCUMENTATION_COMMENTS = YES;
				CLANG_WARN_EMPTY_BODY = YES;
				CLANG_WARN_ENUM_CONVERSION = YES;
				CLANG_WARN_INFINITE_RECURSION = YES;
				CLANG_WARN_INT_CONVERSION = YES;
				CLANG_WARN_NON_LITERAL_NULL_CONVERSION = YES;
				CLANG_WARN_OBJC_IMPLICIT_RETAIN_SELF = YES;
				CLANG_WARN_OBJC_LITERAL_CONVERSION = YES;
				CLANG_WARN_OBJC_ROOT_CLASS = YES_ERROR;
				CLANG_WARN_QUOTED_INCLUDE_IN_FRAMEWORK_HEADER = YES;
				CLANG_WARN_RANGE_LOOP_ANALYSIS = YES;
				CLANG_WARN_STRICT_PROTOTYPES = YES;
				CLANG_WARN_SUSPICIOUS_MOVE = YES;
				CLANG_WARN_UNGUARDED_AVAILABILITY = YES_AGGRESSIVE;
				CLANG_WARN_UNREACHABLE_CODE = YES;
				CLANG_WARN__DUPLICATE_METHOD_MATCH = YES;
				COPY_PHASE_STRIP = NO;
				DEBUG_INFORMATION_FORMAT = "dwarf-with-dsym";
				DEVELOPMENT_TEAM = HGE6ZKLW3Q;
				ENABLE_NS_ASSERTIONS = NO;
				ENABLE_STRICT_OBJC_MSGSEND = YES;
				ENABLE_USER_SCRIPT_SANDBOXING = YES;
				GCC_C_LANGUAGE_STANDARD = gnu17;
				GCC_NO_COMMON_BLOCKS = YES;
				GCC_WARN_64_TO_32_BIT_CONVERSION = YES;
				GCC_WARN_ABOUT_RETURN_TYPE = YES_ERROR;
				GCC_WARN_UNDECLARED_SELECTOR = YES;
				GCC_WARN_UNINITIALIZED_AUTOS = YES_AGGRESSIVE;
				GCC_WARN_UNUSED_FUNCTION = YES;
				GCC_WARN_UNUSED_VARIABLE = YES;
				IPHONEOS_DEPLOYMENT_TARGET = 26.2;
				LOCALIZATION_PREFERS_STRING_CATALOGS = YES;
				MTL_ENABLE_DEBUG_INFO = NO;
				MTL_FAST_MATH = YES;
				SDKROOT = iphoneos;
				SWIFT_COMPILATION_MODE = wholemodule;
				SWIFT_VERSION = 6.0;
				VALIDATE_PRODUCT = YES;
			};
			name = Release;
		};
		88E8DCA32F12C11300639965 /* Debug */ = {
			isa = XCBuildConfiguration;
			buildSettings = {
				ASSETCATALOG_COMPILER_APPICON_NAME = AppIcon;
				ASSETCATALOG_COMPILER_GLOBAL_ACCENT_COLOR_NAME = AccentColor;
				CODE_SIGN_STYLE = Automatic;
				CURRENT_PROJECT_VERSION = 1;
				DEVELOPMENT_TEAM = HGE6ZKLW3Q;
				ENABLE_PREVIEWS = YES;
				GENERATE_INFOPLIST_FILE = YES;
				INFOPLIST_KEY_UIApplicationSceneManifest_Generation = YES;
				INFOPLIST_KEY_UIApplicationSupportsIndirectInputEvents = YES;
				INFOPLIST_KEY_UILaunchScreen_Generation = YES;
				INFOPLIST_KEY_UISupportedInterfaceOrientations_iPad = "UIInterfaceOrientationPortrait UIInterfaceOrientationPortraitUpsideDown UIInterfaceOrientationLandscapeLeft UIInterfaceOrientationLandscapeRight";
				INFOPLIST_KEY_UISupportedInterfaceOrientations_iPhone = "UIInterfaceOrientationPortrait UIInterfaceOrientationLandscapeLeft UIInterfaceOrientationLandscapeRight";
				IPHONEOS_DEPLOYMENT_TARGET = 18.5;
				LD_RUNPATH_SEARCH_PATHS = (
					"$(inherited)",
					"@executable_path/Frameworks",
				);
				MARKETING_VERSION = 1.0;
				PRODUCT_BUNDLE_IDENTIFIER = com.jr.GentleDesignShowcase;
				PRODUCT_NAME = "$(TARGET_NAME)";
				STRING_CATALOG_GENERATE_SYMBOLS = YES;
				SWIFT_APPROACHABLE_CONCURRENCY = YES;
				SWIFT_DEFAULT_ACTOR_ISOLATION = MainActor;
				SWIFT_EMIT_LOC_STRINGS = YES;
				SWIFT_UPCOMING_FEATURE_MEMBER_IMPORT_VISIBILITY = YES;
				SWIFT_VERSION = 6.0;
				TARGETED_DEVICE_FAMILY = "1,2";
			};
			name = Debug;
		};
		88E8DCA42F12C11300639965 /* Release */ = {
			isa = XCBuildConfiguration;
			buildSettings = {
				ASSETCATALOG_COMPILER_APPICON_NAME = AppIcon;
				ASSETCATALOG_COMPILER_GLOBAL_ACCENT_COLOR_NAME = AccentColor;
				CODE_SIGN_STYLE = Automatic;
				CURRENT_PROJECT_VERSION = 1;
				DEVELOPMENT_TEAM = HGE6ZKLW3Q;
				ENABLE_PREVIEWS = YES;
				GENERATE_INFOPLIST_FILE = YES;
				INFOPLIST_KEY_UIApplicationSceneManifest_Generation = YES;
				INFOPLIST_KEY_UIApplicationSupportsIndirectInputEvents = YES;
				INFOPLIST_KEY_UILaunchScreen_Generation = YES;
				INFOPLIST_KEY_UISupportedInterfaceOrientations_iPad = "UIInterfaceOrientationPortrait UIInterfaceOrientationPortraitUpsideDown UIInterfaceOrientationLandscapeLeft UIInterfaceOrientationLandscapeRight";
				INFOPLIST_KEY_UISupportedInterfaceOrientations_iPhone = "UIInterfaceOrientationPortrait UIInterfaceOrientationLandscapeLeft UIInterfaceOrientationLandscapeRight";
				IPHONEOS_DEPLOYMENT_TARGET = 18.5;
				LD_RUNPATH_SEARCH_PATHS = (
					"$(inherited)",
					"@executable_path/Frameworks",
				);
				MARKETING_VERSION = 1.0;
				PRODUCT_BUNDLE_IDENTIFIER = com.jr.GentleDesignShowcase;
				PRODUCT_NAME = "$(TARGET_NAME)";
				STRING_CATALOG_GENERATE_SYMBOLS = YES;
				SWIFT_APPROACHABLE_CONCURRENCY = YES;
				SWIFT_DEFAULT_ACTOR_ISOLATION = MainActor;
				SWIFT_EMIT_LOC_STRINGS = YES;
				SWIFT_UPCOMING_FEATURE_MEMBER_IMPORT_VISIBILITY = YES;
				SWIFT_VERSION = 6.0;
				TARGETED_DEVICE_FAMILY = "1,2";
			};
			name = Release;
		};
/* End XCBuildConfiguration section */

/* Begin XCConfigurationList section */
		88E8DC922F12C11200639965 /* Build configuration list for PBXProject "GentleDesignShowcase" */ = {
			isa = XCConfigurationList;
			buildConfigurations = (
				88E8DCA02F12C11300639965 /* Debug */,
				88E8DCA12F12C11300639965 /* Release */,
			);
			defaultConfigurationIsVisible = 0;
			defaultConfigurationName = Release;
		};
		88E8DCA22F12C11300639965 /* Build configuration list for PBXNativeTarget "GentleDesignShowcase" */ = {
			isa = XCConfigurationList;
			buildConfigurations = (
				88E8DCA32F12C11300639965 /* Debug */,
				88E8DCA42F12C11300639965 /* Release */,
			);
			defaultConfigurationIsVisible = 0;
			defaultConfigurationName = Release;
		};
/* End XCConfigurationList section */

/* Begin XCRemoteSwiftPackageReference section */
		88407E102F12C19D00963DC8 /* XCRemoteSwiftPackageReference "GentleDesignSystem" */ = {
			isa = XCRemoteSwiftPackageReference;
			repositoryURL = "https://github.com/gentle-giraffe-apps/GentleDesignSystem";
			requirement = {
				kind = exactVersion;
				version = 0.1.0;
			};
		};
		88407E132F12C1A700963DC8 /* XCRemoteSwiftPackageReference "SmartAsyncImage" */ = {
			isa = XCRemoteSwiftPackageReference;
			repositoryURL = "https://github.com/gentle-giraffe-apps/SmartAsyncImage";
			requirement = {
				kind = exactVersion;
				version = 0.1.1;
			};
		};
/* End XCRemoteSwiftPackageReference section */

/* Begin XCSwiftPackageProductDependency section */
		88407E112F12C19D00963DC8 /* GentleDesignSystem */ = {
			isa = XCSwiftPackageProductDependency;
			package = 88407E102F12C19D00963DC8 /* XCRemoteSwiftPackageReference "GentleDesignSystem" */;
			productName = GentleDesignSystem;
		};
		88407E142F12C1A700963DC8 /* SmartAsyncImage */ = {
			isa = XCSwiftPackageProductDependency;
			package = 88407E132F12C1A700963DC8 /* XCRemoteSwiftPackageReference "SmartAsyncImage" */;
			productName = SmartAsyncImage;
		};
/* End XCSwiftPackageProductDependency section */
	};
	rootObject = 88E8DC8F2F12C11200639965 /* Project object */;
}
